// !$*UTF8*$!
{
	archiveVersion = 1;
	classes = {
	};
	objectVersion = 51;
	objects = {

/* Begin PBXBuildFile section */
		1C50DDB1247CF923001B736A /* AppDelegate.swift in Sources */ = {isa = PBXBuildFile; fileRef = 1C50DDB0247CF923001B736A /* AppDelegate.swift */; };
		1C50DDB7247CF925001B736A /* Assets.xcassets in Resources */ = {isa = PBXBuildFile; fileRef = 1C50DDB6247CF925001B736A /* Assets.xcassets */; };
		1C50DDBA247CF925001B736A /* Preview Assets.xcassets in Resources */ = {isa = PBXBuildFile; fileRef = 1C50DDB9247CF925001B736A /* Preview Assets.xcassets */; };
		1C50DDBD247CF925001B736A /* LaunchScreen.storyboard in Resources */ = {isa = PBXBuildFile; fileRef = 1C50DDBB247CF925001B736A /* LaunchScreen.storyboard */; };
		1C50DDC5247CF985001B736A /* ChatViewController.swift in Sources */ = {isa = PBXBuildFile; fileRef = 1C50DDC4247CF985001B736A /* ChatViewController.swift */; };
		A11EFCDA4FC6D5F4350C366E /* Pods_MessageKitURLDetectorExample.framework in Frameworks */ = {isa = PBXBuildFile; fileRef = 03536ED4E2772D8328504E66 /* Pods_MessageKitURLDetectorExample.framework */; };
/* End PBXBuildFile section */

/* Begin PBXFileReference section */
		03536ED4E2772D8328504E66 /* Pods_MessageKitURLDetectorExample.framework */ = {isa = PBXFileReference; explicitFileType = wrapper.framework; includeInIndex = 0; path = Pods_MessageKitURLDetectorExample.framework; sourceTree = BUILT_PRODUCTS_DIR; };
		1C50DDAD247CF923001B736A /* MessageKitURLDetectorExample.app */ = {isa = PBXFileReference; explicitFileType = wrapper.application; includeInIndex = 0; path = MessageKitURLDetectorExample.app; sourceTree = BUILT_PRODUCTS_DIR; };
		1C50DDB0247CF923001B736A /* AppDelegate.swift */ = {isa = PBXFileReference; lastKnownFileType = sourcecode.swift; path = AppDelegate.swift; sourceTree = "<group>"; };
		1C50DDB6247CF925001B736A /* Assets.xcassets */ = {isa = PBXFileReference; lastKnownFileType = folder.assetcatalog; path = Assets.xcassets; sourceTree = "<group>"; };
		1C50DDB9247CF925001B736A /* Preview Assets.xcassets */ = {isa = PBXFileReference; lastKnownFileType = folder.assetcatalog; path = "Preview Assets.xcassets"; sourceTree = "<group>"; };
		1C50DDBC247CF925001B736A /* Base */ = {isa = PBXFileReference; lastKnownFileType = file.storyboard; name = Base; path = Base.lproj/LaunchScreen.storyboard; sourceTree = "<group>"; };
		1C50DDBE247CF925001B736A /* Info.plist */ = {isa = PBXFileReference; lastKnownFileType = text.plist.xml; path = Info.plist; sourceTree = "<group>"; };
		1C50DDC4247CF985001B736A /* ChatViewController.swift */ = {isa = PBXFileReference; lastKnownFileType = sourcecode.swift; path = ChatViewController.swift; sourceTree = "<group>"; };
		41427C9D4F8032645273B4A1 /* Pods-MessageKitURLDetectorExample.release.xcconfig */ = {isa = PBXFileReference; includeInIndex = 1; lastKnownFileType = text.xcconfig; name = "Pods-MessageKitURLDetectorExample.release.xcconfig"; path = "Target Support Files/Pods-MessageKitURLDetectorExample/Pods-MessageKitURLDetectorExample.release.xcconfig"; sourceTree = "<group>"; };
		7EE6E7F5CDF8858EA0CF5E06 /* Pods-MessageKitURLDetectorExample.debug.xcconfig */ = {isa = PBXFileReference; includeInIndex = 1; lastKnownFileType = text.xcconfig; name = "Pods-MessageKitURLDetectorExample.debug.xcconfig"; path = "Target Support Files/Pods-MessageKitURLDetectorExample/Pods-MessageKitURLDetectorExample.debug.xcconfig"; sourceTree = "<group>"; };
/* End PBXFileReference section */

/* Begin PBXFrameworksBuildPhase section */
		1C50DDAA247CF923001B736A /* Frameworks */ = {
			isa = PBXFrameworksBuildPhase;
			buildActionMask = 2147483647;
			files = (
				A11EFCDA4FC6D5F4350C366E /* Pods_MessageKitURLDetectorExample.framework in Frameworks */,
			);
			runOnlyForDeploymentPostprocessing = 0;
		};
/* End PBXFrameworksBuildPhase section */

/* Begin PBXGroup section */
		1C50DDA4247CF923001B736A = {
			isa = PBXGroup;
			children = (
				1C50DDAF247CF923001B736A /* MessageKitURLDetectorExample */,
				1C50DDAE247CF923001B736A /* Products */,
				8DD7AA83C8BE7467798CA885 /* Pods */,
				77B081B691B4029028C8B888 /* Frameworks */,
			);
			sourceTree = "<group>";
		};
		1C50DDAE247CF923001B736A /* Products */ = {
			isa = PBXGroup;
			children = (
				1C50DDAD247CF923001B736A /* MessageKitURLDetectorExample.app */,
			);
			name = Products;
			sourceTree = "<group>";
		};
		1C50DDAF247CF923001B736A /* MessageKitURLDetectorExample */ = {
			isa = PBXGroup;
			children = (
				1C50DDB0247CF923001B736A /* AppDelegate.swift */,
				1C50DDC4247CF985001B736A /* ChatViewController.swift */,
				1C50DDB6247CF925001B736A /* Assets.xcassets */,
				1C50DDBB247CF925001B736A /* LaunchScreen.storyboard */,
				1C50DDBE247CF925001B736A /* Info.plist */,
				1C50DDB8247CF925001B736A /* Preview Content */,
			);
			path = MessageKitURLDetectorExample;
			sourceTree = "<group>";
		};
		1C50DDB8247CF925001B736A /* Preview Content */ = {
			isa = PBXGroup;
			children = (
				1C50DDB9247CF925001B736A /* Preview Assets.xcassets */,
			);
			path = "Preview Content";
			sourceTree = "<group>";
		};
		77B081B691B4029028C8B888 /* Frameworks */ = {
			isa = PBXGroup;
			children = (
				03536ED4E2772D8328504E66 /* Pods_MessageKitURLDetectorExample.framework */,
			);
			name = Frameworks;
			sourceTree = "<group>";
		};
		8DD7AA83C8BE7467798CA885 /* Pods */ = {
			isa = PBXGroup;
			children = (
				7EE6E7F5CDF8858EA0CF5E06 /* Pods-MessageKitURLDetectorExample.debug.xcconfig */,
				41427C9D4F8032645273B4A1 /* Pods-MessageKitURLDetectorExample.release.xcconfig */,
			);
			path = Pods;
			sourceTree = "<group>";
		};
/* End PBXGroup section */

/* Begin PBXNativeTarget section */
		1C50DDAC247CF923001B736A /* MessageKitURLDetectorExample */ = {
			isa = PBXNativeTarget;
			buildConfigurationList = 1C50DDC1247CF925001B736A /* Build configuration list for PBXNativeTarget "MessageKitURLDetectorExample" */;
			buildPhases = (
				EA0C262859807B360106C682 /* [CP] Check Pods Manifest.lock */,
				1C50DDA9247CF923001B736A /* Sources */,
				1C50DDAA247CF923001B736A /* Frameworks */,
				1C50DDAB247CF923001B736A /* Resources */,
				7FA82CCCE35B7795709C8D51 /* [CP] Embed Pods Frameworks */,
			);
			buildRules = (
			);
			dependencies = (
			);
			name = MessageKitURLDetectorExample;
			productName = MessageKitURLDetectorExample;
			productReference = 1C50DDAD247CF923001B736A /* MessageKitURLDetectorExample.app */;
			productType = "com.apple.product-type.application";
		};
/* End PBXNativeTarget section */

/* Begin PBXProject section */
		1C50DDA5247CF923001B736A /* Project object */ = {
			isa = PBXProject;
			attributes = {
				LastSwiftUpdateCheck = 1140;
				LastUpgradeCheck = 1140;
				ORGANIZATIONNAME = "Kino Roy";
				TargetAttributes = {
					1C50DDAC247CF923001B736A = {
						CreatedOnToolsVersion = 11.4.1;
					};
				};
			};
			buildConfigurationList = 1C50DDA8247CF923001B736A /* Build configuration list for PBXProject "MessageKitURLDetectorExample" */;
			compatibilityVersion = "Xcode 9.3";
			developmentRegion = en;
			hasScannedForEncodings = 0;
			knownRegions = (
				en,
				Base,
			);
			mainGroup = 1C50DDA4247CF923001B736A;
			productRefGroup = 1C50DDAE247CF923001B736A /* Products */;
			projectDirPath = "";
			projectRoot = "";
			targets = (
				1C50DDAC247CF923001B736A /* MessageKitURLDetectorExample */,
			);
		};
/* End PBXProject section */

/* Begin PBXResourcesBuildPhase section */
		1C50DDAB247CF923001B736A /* Resources */ = {
			isa = PBXResourcesBuildPhase;
			buildActionMask = 2147483647;
			files = (
				1C50DDBD247CF925001B736A /* LaunchScreen.storyboard in Resources */,
				1C50DDBA247CF925001B736A /* Preview Assets.xcassets in Resources */,
				1C50DDB7247CF925001B736A /* Assets.xcassets in Resources */,
			);
			runOnlyForDeploymentPostprocessing = 0;
		};
/* End PBXResourcesBuildPhase section */

/* Begin PBXShellScriptBuildPhase section */
		7FA82CCCE35B7795709C8D51 /* [CP] Embed Pods Frameworks */ = {
			isa = PBXShellScriptBuildPhase;
			buildActionMask = 2147483647;
			files = (
			);
			inputFileListPaths = (
				"${PODS_ROOT}/Target Support Files/Pods-MessageKitURLDetectorExample/Pods-MessageKitURLDetectorExample-frameworks-${CONFIGURATION}-input-files.xcfilelist",
			);
			name = "[CP] Embed Pods Frameworks";
			outputFileListPaths = (
				"${PODS_ROOT}/Target Support Files/Pods-MessageKitURLDetectorExample/Pods-MessageKitURLDetectorExample-frameworks-${CONFIGURATION}-output-files.xcfilelist",
			);
			runOnlyForDeploymentPostprocessing = 0;
			shellPath = /bin/sh;
			shellScript = "\"${PODS_ROOT}/Target Support Files/Pods-MessageKitURLDetectorExample/Pods-MessageKitURLDetectorExample-frameworks.sh\"\n";
			showEnvVarsInLog = 0;
		};
		EA0C262859807B360106C682 /* [CP] Check Pods Manifest.lock */ = {
			isa = PBXShellScriptBuildPhase;
			buildActionMask = 2147483647;
			files = (
			);
			inputFileListPaths = (
			);
			inputPaths = (
				"${PODS_PODFILE_DIR_PATH}/Podfile.lock",
				"${PODS_ROOT}/Manifest.lock",
			);
			name = "[CP] Check Pods Manifest.lock";
			outputFileListPaths = (
			);
			outputPaths = (
				"$(DERIVED_FILE_DIR)/Pods-MessageKitURLDetectorExample-checkManifestLockResult.txt",
			);
			runOnlyForDeploymentPostprocessing = 0;
			shellPath = /bin/sh;
			shellScript = "diff \"${PODS_PODFILE_DIR_PATH}/Podfile.lock\" \"${PODS_ROOT}/Manifest.lock\" > /dev/null\nif [ $? != 0 ] ; then\n    # print error to STDERR\n    echo \"error: The sandbox is not in sync with the Podfile.lock. Run 'pod install' or update your CocoaPods installation.\" >&2\n    exit 1\nfi\n# This output is used by Xcode 'outputs' to avoid re-running this script phase.\necho \"SUCCESS\" > \"${SCRIPT_OUTPUT_FILE_0}\"\n";
			showEnvVarsInLog = 0;
		};
/* End PBXShellScriptBuildPhase section */

/* Begin PBXSourcesBuildPhase section */
		1C50DDA9247CF923001B736A /* Sources */ = {
			isa = PBXSourcesBuildPhase;
			buildActionMask = 2147483647;
			files = (
				1C50DDC5247CF985001B736A /* ChatViewController.swift in Sources */,
				1C50DDB1247CF923001B736A /* AppDelegate.swift in Sources */,
			);
			runOnlyForDeploymentPostprocessing = 0;
		};
/* End PBXSourcesBuildPhase section */

/* Begin PBXVariantGroup section */
		1C50DDBB247CF925001B736A /* LaunchScreen.storyboard */ = {
			isa = PBXVariantGroup;
			children = (
				1C50DDBC247CF925001B736A /* Base */,
			);
			name = LaunchScreen.storyboard;
			sourceTree = "<group>";
		};
/* End PBXVariantGroup section */

/* Begin XCBuildConfiguration section */
		1C50DDBF247CF925001B736A /* Debug */ = {
			isa = XCBuildConfiguration;
			buildSettings = {
				ALWAYS_SEARCH_USER_PATHS = NO;
				CLANG_ANALYZER_NONNULL = YES;
				CLANG_ANALYZER_NUMBER_OBJECT_CONVERSION = YES_AGGRESSIVE;
				CLANG_CXX_LANGUAGE_STANDARD = "gnu++14";
				CLANG_CXX_LIBRARY = "libc++";
				CLANG_ENABLE_MODULES = YES;
				CLANG_ENABLE_OBJC_ARC = YES;
				CLANG_ENABLE_OBJC_WEAK = YES;
				CLANG_WARN_BLOCK_CAPTURE_AUTORELEASING = YES;
				CLANG_WARN_BOOL_CONVERSION = YES;
				CLANG_WARN_COMMA = YES;
				CLANG_WARN_CONSTANT_CONVERSION = YES;
				CLANG_WARN_DEPRECATED_OBJC_IMPLEMENTATIONS = YES;
				CLANG_WARN_DIRECT_OBJC_ISA_USAGE = YES_ERROR;
				CLANG_WARN_DOCUMENTATION_COMMENTS = YES;
				CLANG_WARN_EMPTY_BODY = YES;
				CLANG_WARN_ENUM_CONVERSION = YES;
				CLANG_WARN_INFINITE_RECURSION = YES;
				CLANG_WARN_INT_CONVERSION = YES;
				CLANG_WARN_NON_LITERAL_NULL_CONVERSION = YES;
				CLANG_WARN_OBJC_IMPLICIT_RETAIN_SELF = YES;
				CLANG_WARN_OBJC_LITERAL_CONVERSION = YES;
				CLANG_WARN_OBJC_ROOT_CLASS = YES_ERROR;
				CLANG_WARN_RANGE_LOOP_ANALYSIS = YES;
				CLANG_WARN_STRICT_PROTOTYPES = YES;
				CLANG_WARN_SUSPICIOUS_MOVE = YES;
				CLANG_WARN_UNGUARDED_AVAILABILITY = YES_AGGRESSIVE;
				CLANG_WARN_UNREACHABLE_CODE = YES;
				CLANG_WARN__DUPLICATE_METHOD_MATCH = YES;
				COPY_PHASE_STRIP = NO;
				DEBUG_INFORMATION_FORMAT = dwarf;
				ENABLE_STRICT_OBJC_MSGSEND = YES;
				ENABLE_TESTABILITY = YES;
				GCC_C_LANGUAGE_STANDARD = gnu11;
				GCC_DYNAMIC_NO_PIC = NO;
				GCC_NO_COMMON_BLOCKS = YES;
				GCC_OPTIMIZATION_LEVEL = 0;
				GCC_PREPROCESSOR_DEFINITIONS = (
					"DEBUG=1",
					"$(inherited)",
				);
				GCC_WARN_64_TO_32_BIT_CONVERSION = YES;
				GCC_WARN_ABOUT_RETURN_TYPE = YES_ERROR;
				GCC_WARN_UNDECLARED_SELECTOR = YES;
				GCC_WARN_UNINITIALIZED_AUTOS = YES_AGGRESSIVE;
				GCC_WARN_UNUSED_FUNCTION = YES;
				GCC_WARN_UNUSED_VARIABLE = YES;
				IPHONEOS_DEPLOYMENT_TARGET = 13.4;
				MTL_ENABLE_DEBUG_INFO = INCLUDE_SOURCE;
				MTL_FAST_MATH = YES;
				ONLY_ACTIVE_ARCH = YES;
				SDKROOT = iphoneos;
				SWIFT_ACTIVE_COMPILATION_CONDITIONS = DEBUG;
				SWIFT_OPTIMIZATION_LEVEL = "-Onone";
			};
			name = Debug;
		};
		1C50DDC0247CF925001B736A /* Release */ = {
			isa = XCBuildConfiguration;
			buildSettings = {
				ALWAYS_SEARCH_USER_PATHS = NO;
				CLANG_ANALYZER_NONNULL = YES;
				CLANG_ANALYZER_NUMBER_OBJECT_CONVERSION = YES_AGGRESSIVE;
				CLANG_CXX_LANGUAGE_STANDARD = "gnu++14";
				CLANG_CXX_LIBRARY = "libc++";
				CLANG_ENABLE_MODULES = YES;
				CLANG_ENABLE_OBJC_ARC = YES;
				CLANG_ENABLE_OBJC_WEAK = YES;
				CLANG_WARN_BLOCK_CAPTURE_AUTORELEASING = YES;
				CLANG_WARN_BOOL_CONVERSION = YES;
				CLANG_WARN_COMMA = YES;
				CLANG_WARN_CONSTANT_CONVERSION = YES;
				CLANG_WARN_DEPRECATED_OBJC_IMPLEMENTATIONS = YES;
				CLANG_WARN_DIRECT_OBJC_ISA_USAGE = YES_ERROR;
				CLANG_WARN_DOCUMENTATION_COMMENTS = YES;
				CLANG_WARN_EMPTY_BODY = YES;
				CLANG_WARN_ENUM_CONVERSION = YES;
				CLANG_WARN_INFINITE_RECURSION = YES;
				CLANG_WARN_INT_CONVERSION = YES;
				CLANG_WARN_NON_LITERAL_NULL_CONVERSION = YES;
				CLANG_WARN_OBJC_IMPLICIT_RETAIN_SELF = YES;
				CLANG_WARN_OBJC_LITERAL_CONVERSION = YES;
				CLANG_WARN_OBJC_ROOT_CLASS = YES_ERROR;
				CLANG_WARN_RANGE_LOOP_ANALYSIS = YES;
				CLANG_WARN_STRICT_PROTOTYPES = YES;
				CLANG_WARN_SUSPICIOUS_MOVE = YES;
				CLANG_WARN_UNGUARDED_AVAILABILITY = YES_AGGRESSIVE;
				CLANG_WARN_UNREACHABLE_CODE = YES;
				CLANG_WARN__DUPLICATE_METHOD_MATCH = YES;
				COPY_PHASE_STRIP = NO;
				DEBUG_INFORMATION_FORMAT = "dwarf-with-dsym";
				ENABLE_NS_ASSERTIONS = NO;
				ENABLE_STRICT_OBJC_MSGSEND = YES;
				GCC_C_LANGUAGE_STANDARD = gnu11;
				GCC_NO_COMMON_BLOCKS = YES;
				GCC_WARN_64_TO_32_BIT_CONVERSION = YES;
				GCC_WARN_ABOUT_RETURN_TYPE = YES_ERROR;
				GCC_WARN_UNDECLARED_SELECTOR = YES;
				GCC_WARN_UNINITIALIZED_AUTOS = YES_AGGRESSIVE;
				GCC_WARN_UNUSED_FUNCTION = YES;
				GCC_WARN_UNUSED_VARIABLE = YES;
				IPHONEOS_DEPLOYMENT_TARGET = 13.4;
				MTL_ENABLE_DEBUG_INFO = NO;
				MTL_FAST_MATH = YES;
				SDKROOT = iphoneos;
				SWIFT_COMPILATION_MODE = wholemodule;
				SWIFT_OPTIMIZATION_LEVEL = "-O";
				VALIDATE_PRODUCT = YES;
			};
			name = Release;
		};
		1C50DDC2247CF925001B736A /* Debug */ = {
			isa = XCBuildConfiguration;
			baseConfigurationReference = 7EE6E7F5CDF8858EA0CF5E06 /* Pods-MessageKitURLDetectorExample.debug.xcconfig */;
			buildSettings = {
				ASSETCATALOG_COMPILER_APPICON_NAME = AppIcon;
				CODE_SIGN_STYLE = Automatic;
				DEVELOPMENT_ASSET_PATHS = "\"MessageKitURLDetectorExample/Preview Content\"";
				DEVELOPMENT_TEAM = YL427HHUZP;
				ENABLE_PREVIEWS = YES;
				INFOPLIST_FILE = MessageKitURLDetectorExample/Info.plist;
				LD_RUNPATH_SEARCH_PATHS = (
					"$(inherited)",
					"@executable_path/Frameworks",
				);
				PRODUCT_BUNDLE_IDENTIFIER = com.kinoroy.MessageKitURLDetectorExample;
				PRODUCT_NAME = "$(TARGET_NAME)";
				SWIFT_VERSION = 5.0;
				TARGETED_DEVICE_FAMILY = "1,2";
			};
			name = Debug;
		};
		1C50DDC3247CF925001B736A /* Release */ = {
			isa = XCBuildConfiguration;
			baseConfigurationReference = 41427C9D4F8032645273B4A1 /* Pods-MessageKitURLDetectorExample.release.xcconfig */;
			buildSettings = {
				ASSETCATALOG_COMPILER_APPICON_NAME = AppIcon;
				CODE_SIGN_STYLE = Automatic;
				DEVELOPMENT_ASSET_PATHS = "\"MessageKitURLDetectorExample/Preview Content\"";
				DEVELOPMENT_TEAM = YL427HHUZP;
				ENABLE_PREVIEWS = YES;
				INFOPLIST_FILE = MessageKitURLDetectorExample/Info.plist;
				LD_RUNPATH_SEARCH_PATHS = (
					"$(inherited)",
					"@executable_path/Frameworks",
				);
				PRODUCT_BUNDLE_IDENTIFIER = com.kinoroy.MessageKitURLDetectorExample;
				PRODUCT_NAME = "$(TARGET_NAME)";
				SWIFT_VERSION = 5.0;
				TARGETED_DEVICE_FAMILY = "1,2";
			};
			name = Release;
		};
/* End XCBuildConfiguration section */

/* Begin XCConfigurationList section */
		1C50DDA8247CF923001B736A /* Build configuration list for PBXProject "MessageKitURLDetectorExample" */ = {
			isa = XCConfigurationList;
			buildConfigurations = (
				1C50DDBF247CF925001B736A /* Debug */,
				1C50DDC0247CF925001B736A /* Release */,
			);
			defaultConfigurationIsVisible = 0;
			defaultConfigurationName = Release;
		};
		1C50DDC1247CF925001B736A /* Build configuration list for PBXNativeTarget "MessageKitURLDetectorExample" */ = {
			isa = XCConfigurationList;
			buildConfigurations = (
				1C50DDC2247CF925001B736A /* Debug */,
				1C50DDC3247CF925001B736A /* Release */,
			);
			defaultConfigurationIsVisible = 0;
			defaultConfigurationName = Release;
		};
/* End XCConfigurationList section */
	};
	rootObject = 1C50DDA5247CF923001B736A /* Project object */;
}
